# This file is automatically @generated by Poetry 1.4.2 and should not be changed by hand.

[[package]]
name = "ply"
version = "3.11"
description = "Python Lex & Yacc"
category = "main"
optional = false
python-versions = "*"
files = [
    {file = "ply-3.11-py2.py3-none-any.whl", hash = "sha256:096f9b8350b65ebd2fd1346b12452efe5b9607f7482813ffca50c22722a807ce"},
    {file = "ply-3.11.tar.gz", hash = "sha256:00c7c1aaa88358b9c765b6d3000c6eec0ba42abca5351b095321aef446081da3"},
]

[[package]]
name = "pyomo"
version = "6.7.0"
description = "Pyomo: Python Optimization Modeling Objects"
category = "main"
optional = false
python-versions = ">=3.8"
files = [
    {file = "Pyomo-6.7.0-cp310-cp310-macosx_10_9_x86_64.whl", hash = "sha256:f5220325bb650e9517977068e48d73ad2533bc4eb96994622dcf89b608448c46"},
    {file = "Pyomo-6.7.0-cp310-cp310-macosx_11_0_arm64.whl", hash = "sha256:9001a237284e077d8515461fd78ccacf32e5d145afc6e02f95aee64376783545"},
    {file = "Pyomo-6.7.0-cp310-cp310-manylinux_2_17_aarch64.manylinux2014_aarch64.whl", hash = "sha256:c58d597b3fe4f4796155d1a99705415c821331afb21a8e164593954a0382151a"},
    {file = "Pyomo-6.7.0-cp310-cp310-manylinux_2_17_x86_64.manylinux2014_x86_64.whl", hash = "sha256:7f670cd5ce5b19ba13f8c051ca84a05ef7931c65db92ee573181d9e53258e4e8"},
    {file = "Pyomo-6.7.0-cp310-cp310-win_amd64.whl", hash = "sha256:f11a1cc382f320f122f9bc3af47c1e1a650090775f679cfb1649af6670f3a730"},
    {file = "Pyomo-6.7.0-cp310-cp310-win_arm64.whl", hash = "sha256:f3b1d921fc8883e2b82b892c43509c8e9b871559f05ce8ab12101c2ea84efb03"},
    {file = "Pyomo-6.7.0-cp311-cp311-macosx_10_9_x86_64.whl", hash = "sha256:6220a923934c7b549af04fefe4adf68b38bd8364e4943311b4dab33136a8998b"},
    {file = "Pyomo-6.7.0-cp311-cp311-macosx_11_0_arm64.whl", hash = "sha256:273648340589c5e06063166690ba2124ab6fa3f4b6522a97a5666b9112c6284b"},
    {file = "Pyomo-6.7.0-cp311-cp311-manylinux_2_17_aarch64.manylinux2014_aarch64.whl", hash = "sha256:de9ebe6fa3ce46b3f17e188e88c19ec9d6313a0f30e3ae8e87027cbee2d9bc27"},
    {file = "Pyomo-6.7.0-cp311-cp311-manylinux_2_17_x86_64.manylinux2014_x86_64.whl", hash = "sha256:fafb25a8509db466905e5f2d39897739cf54eef23c124171a5b4f2c9d197e8bc"},
    {file = "Pyomo-6.7.0-cp311-cp311-win_amd64.whl", hash = "sha256:19dea19aee85ba713b0b9176ef7b35c9ac791661d736b721391a5da4443b6e55"},
    {file = "Pyomo-6.7.0-cp311-cp311-win_arm64.whl", hash = "sha256:3cfa11778788617cecc119fedbb4a1e823b5ec8ff0851d04c3ee422b52bc1dec"},
    {file = "Pyomo-6.7.0-cp312-cp312-macosx_10_9_x86_64.whl", hash = "sha256:0ecde12e9a5f3834f9d14171a22e2f7e1b716fbd0a20addcb12f96321835e0e3"},
    {file = "Pyomo-6.7.0-cp312-cp312-macosx_11_0_arm64.whl", hash = "sha256:f3b9e9e787609f3f9f825177223829c2372c210e4148a15a3dfa47f1f383c61e"},
    {file = "Pyomo-6.7.0-cp312-cp312-manylinux_2_17_aarch64.manylinux2014_aarch64.whl", hash = "sha256:92c9a26a4de790d9b63484eac99325881fe4c272f74dcc7ade03fc43060764f8"},
    {file = "Pyomo-6.7.0-cp312-cp312-manylinux_2_17_x86_64.manylinux2014_x86_64.whl", hash = "sha256:12d8d78df6fe44d02b5f715908537887ba1eee5a674b03ab97311637b3387622"},
    {file = "Pyomo-6.7.0-cp312-cp312-win_amd64.whl", hash = "sha256:16a59e7a34cfaf04f1265b3b7ce4c9d6ebde637906aa7c60a14f99f6c59f3188"},
    {file = "Pyomo-6.7.0-cp312-cp312-win_arm64.whl", hash = "sha256:028e703eeeaa245e1dab870a64a1b505f25e657dcac3c8d654c2f39c260c65e5"},
    {file = "Pyomo-6.7.0-cp38-cp38-macosx_10_9_x86_64.whl", hash = "sha256:677d7ba1189b735aecd27a7f475941194b5ac45d7230aa1e9f76d9091537e647"},
    {file = "Pyomo-6.7.0-cp38-cp38-macosx_11_0_arm64.whl", hash = "sha256:9e419df08979910ebdeb184e4cd86568d9b4737518ebf593d5d1e282f45bf575"},
    {file = "Pyomo-6.7.0-cp38-cp38-manylinux_2_17_aarch64.manylinux2014_aarch64.whl", hash = "sha256:2c6f37bbeceaa128c3aa288b169f37f27f1050b47a6fc27dfd70c3846ee315c8"},
    {file = "Pyomo-6.7.0-cp38-cp38-manylinux_2_17_x86_64.manylinux2014_x86_64.whl", hash = "sha256:85841099a068329cddd401f5e6cd5a5cd951a6b2f450ae990d8bea5bf0d8626e"},
    {file = "Pyomo-6.7.0-cp38-cp38-win_amd64.whl", hash = "sha256:95b66bfd8212b4b03a6f6573b54f17bfd4b36bacb4548e8b7204eda2032b1c34"},
    {file = "Pyomo-6.7.0-cp39-cp39-macosx_10_9_x86_64.whl", hash = "sha256:d69d1bea311c23d745d82e0926ff6508d53880de89028f1c1648a929fbb9ea81"},
    {file = "Pyomo-6.7.0-cp39-cp39-macosx_11_0_arm64.whl", hash = "sha256:8f1256766d9a2937b1ed46dfddf29f43f40a2b55980d1e1dcb31cb616a7d9da3"},
    {file = "Pyomo-6.7.0-cp39-cp39-manylinux_2_17_aarch64.manylinux2014_aarch64.whl", hash = "sha256:b44140344b0df548810b176acd509d940ec78c5b99e189f36d5d737ce829165a"},
    {file = "Pyomo-6.7.0-cp39-cp39-manylinux_2_17_x86_64.manylinux2014_x86_64.whl", hash = "sha256:90a17fa2758f6ae9bea8c1cdc9d8ea78bf69f75658dcddd20d6a71ee70a13c1a"},
    {file = "Pyomo-6.7.0-cp39-cp39-win_amd64.whl", hash = "sha256:d247ea9978ef72c6acf778f78a84e836fb9fec8e394f75fbe9c00bba62faf2be"},
    {file = "Pyomo-6.7.0-cp39-cp39-win_arm64.whl", hash = "sha256:b8885756c31b87886d3b5a14369b034169da7bf310d3ac7c96e7bdd78e59aa65"},
    {file = "Pyomo-6.7.0.tar.gz", hash = "sha256:a245ec609ef2fd907269f0b8e0923f74d5bf868b2ec0e62bf2a30b3f253bd17b"},
]

[package.dependencies]
ply = "*"

[package.extras]
docs = ["Sphinx (>4)", "numpy", "scipy", "sphinx-copybutton", "sphinx-rtd-theme (>0.5)", "sphinxcontrib-jsmath", "sphinxcontrib-napoleon"]
optional = ["casadi", "dill", "ipython", "matplotlib (!=3.6.1)", "networkx", "networkx (<3.2)", "numdifftools", "numpy", "openpyxl", "pandas", "pint", "plotly", "python-louvain", "pywin32", "pyyaml", "scipy", "seaborn", "sympy", "xlrd", "z3-solver"]
tests = ["coverage", "parameterized", "pybind11", "pytest", "pytest-parallel"]

[metadata]
lock-version = "2.0"
python-versions = "^3.10"
content-hash = "35b3d8b321beae5b9509eab48e16f177a15ccb801c7ebb8208e93bc618250b3e"
